
Microsoft Visual Studio Solution File, Format Version 12.00
# Visual Studio Version 16
VisualStudioVersion = 16.0.30114.105
MinimumVisualStudioVersion = 10.0.40219.1
Project("{FAE04EC0-301F-11D3-BF4B-00C04F79EFBC}") = "WikiDesignPatterns", "WikiDesignPatterns.csproj", "{71257E7A-BFEA-421C-A24E-954548C94F7A}"
EndProject
Global
	GlobalSection(SolutionConfigurationPlatforms) = preSolution
		Debug|Any CPU = Debug|Any CPU
		Release|Any CPU = Release|Any CPU
	EndGlobalSection
	GlobalSection(ProjectConfigurationPlatforms) = postSolution
		{71257E7A-BFEA-421C-A24E-954548C94F7A}.Debug|Any CPU.ActiveCfg = Debug|Any CPU
		{71257E7A-BFEA-421C-A24E-954548C94F7A}.Debug|Any CPU.Build.0 = Debug|Any CPU
		{71257E7A-BFEA-421C-A24E-954548C94F7A}.Release|Any CPU.ActiveCfg = Release|Any CPU
		{71257E7A-BFEA-421C-A24E-954548C94F7A}.Release|Any CPU.Build.0 = Release|Any CPU
	EndGlobalSection
	GlobalSection(SolutionProperties) = preSolution
		HideSolutionNode = FALSE
	EndGlobalSection
	GlobalSection(ExtensibilityGlobals) = postSolution
		SolutionGuid = {FCBE72FA-633B-4921-BBFC-9A96DC2E2E6B}
	EndGlobalSection
EndGlobal
