
Microsoft Visual Studio Solution File, Format Version 12.00
# Visual Studio Version 16
VisualStudioVersion = 16.0.30204.135
MinimumVisualStudioVersion = 10.0.40219.1
Project("{FAE04EC0-301F-11D3-BF4B-00C04F79EFBC}") = "PhoneBookAdapter", "PhoneBookAdapter.csproj", "{314663DD-AF3E-41B5-AF4D-D4D32FAFAF5B}"
EndProject
Global
	GlobalSection(SolutionConfigurationPlatforms) = preSolution
		Debug|Any CPU = Debug|Any CPU
		Release|Any CPU = Release|Any CPU
	EndGlobalSection
	GlobalSection(ProjectConfigurationPlatforms) = postSolution
		{314663DD-AF3E-41B5-AF4D-D4D32FAFAF5B}.Debug|Any CPU.ActiveCfg = Debug|Any CPU
		{314663DD-AF3E-41B5-AF4D-D4D32FAFAF5B}.Debug|Any CPU.Build.0 = Debug|Any CPU
		{314663DD-AF3E-41B5-AF4D-D4D32FAFAF5B}.Release|Any CPU.ActiveCfg = Release|Any CPU
		{314663DD-AF3E-41B5-AF4D-D4D32FAFAF5B}.Release|Any CPU.Build.0 = Release|Any CPU
	EndGlobalSection
	GlobalSection(SolutionProperties) = preSolution
		HideSolutionNode = FALSE
	EndGlobalSection
	GlobalSection(ExtensibilityGlobals) = postSolution
		SolutionGuid = {A125E574-E887-4B18-AADA-C7D18C39E031}
	EndGlobalSection
EndGlobal
